{
  "pins" : [
    {
      "identity" : "meshgradient",
      "kind" : "remoteSourceControl",
      "location" : "https://github.com/EthanLipnik/MeshGradient.git",
      "state" : {
        "revision" : "2780ba9270908ed3368caaef3c0460f25a37213a",
        "version" : "1.0.4"
      }
    },
    {
      "identity" : "randomcolorswift",
      "kind" : "remoteSourceControl",
      "location" : "https://github.com/EthanLipnik/RandomColorSwift.git",
      "state" : {
        "revision" : "cb118928dfd40baaa31dc1bd87c97599bcf86d75",
        "version" : "2.0.1"
      }
    }
  ],
  "version" : 2
}
