{
  "object": {
    "pins": [
      {
        "package": "FilesProvider",
        "repositoryURL": "https://github.com/amosavian/FileProvider.git",
        "state": {
          "branch": null,
          "revision": "abf68a62541a4193c8d106367ddb3648e8ab693f",
          "version": "0.26.0"
        }
      },
      {
        "package": "RandomColor",
        "repositoryURL": "https://github.com/EthanLipnik/RandomColorSwift.git",
        "state": {
          "branch": null,
          "revision": "ab01c6eff99f40c5e23ffcb957eb3971f937f106",
          "version": "2.0.0"
        }
      }
    ]
  },
  "version": 1
}
