{
  "pins" : [
    {
      "identity" : "meshgradient",
      "kind" : "remoteSourceControl",
      "location" : "https://github.com/EthanLipnik/MeshGradient.git",
      "state" : {
        "revision" : "e176a9dc45137a2cc93956e6bf80986b484a284e",
        "version" : "1.0.9"
      }
    },
    {
      "identity" : "randomcolorswift",
      "kind" : "remoteSourceControl",
      "location" : "https://github.com/EthanLipnik/RandomColorSwift.git",
      "state" : {
        "revision" : "cb118928dfd40baaa31dc1bd87c97599bcf86d75",
        "version" : "2.0.1"
      }
    },
    {
      "identity" : "sdwebimage",
      "kind" : "remoteSourceControl",
      "location" : "https://github.com/SDWebImage/SDWebImage.git",
      "state" : {
        "revision" : "9248fe561a2a153916fb9597e3af4434784c6d32",
        "version" : "5.13.4"
      }
    },
    {
      "identity" : "sdwebimageswiftui",
      "kind" : "remoteSourceControl",
      "location" : "https://github.com/SDWebImage/SDWebImageSwiftUI.git",
      "state" : {
        "revision" : "ed288667c909c89127ab1b690113a3e397af3098",
        "version" : "2.2.1"
      }
    },
    {
      "identity" : "sebu",
      "kind" : "remoteSourceControl",
      "location" : "https://github.com/EthanLipnik/Sebu.git",
      "state" : {
        "revision" : "1a19df25a45df2d5e5ec25297384f3e613282d60",
        "version" : "1.0.4"
      }
    },
    {
      "identity" : "zipfoundation",
      "kind" : "remoteSourceControl",
      "location" : "git@github.com:weichsel/ZIPFoundation.git",
      "state" : {
        "branch" : "development",
        "revision" : "642436f3684009ca7a5e3d6b30f2ecea26f8f772"
      }
    }
  ],
  "version" : 2
}
