// !$*UTF8*$!
{
	archiveVersion = 1;
	classes = {
	};
	objectVersion = 55;
	objects = {

/* Begin PBXBuildFile section */
		AA16D65127EBFB0F008C7761 /* UIImage+Additions.swift in Sources */ = {isa = PBXBuildFile; fileRef = AA16D65027EBFB0F008C7761 /* UIImage+Additions.swift */; };
		AA16D65227EBFB0F008C7761 /* UIImage+Additions.swift in Sources */ = {isa = PBXBuildFile; fileRef = AA16D65027EBFB0F008C7761 /* UIImage+Additions.swift */; };
		AA1A5C242725F973006932FE /* OptionsView+Selection.swift in Sources */ = {isa = PBXBuildFile; fileRef = AA1A5C232725F973006932FE /* OptionsView+Selection.swift */; };
		AA1A5C262725F99E006932FE /* OptionsView+DetailView.swift in Sources */ = {isa = PBXBuildFile; fileRef = AA1A5C252725F99E006932FE /* OptionsView+DetailView.swift */; };
		AA1A5C282725F9BE006932FE /* OptionsView+Detail.swift in Sources */ = {isa = PBXBuildFile; fileRef = AA1A5C272725F9BE006932FE /* OptionsView+Detail.swift */; };
		AA1A5C2A2725FA46006932FE /* OptionsView+Viewport.swift in Sources */ = {isa = PBXBuildFile; fileRef = AA1A5C292725FA46006932FE /* OptionsView+Viewport.swift */; };
		AA34BF4E27262ACA0066A50E /* ShareSheet.swift in Sources */ = {isa = PBXBuildFile; fileRef = AA34BF4D27262ACA0066A50E /* ShareSheet.swift */; };
		AA45EBAC27262E4500593894 /* CompactViewController.swift in Sources */ = {isa = PBXBuildFile; fileRef = AA45EBAB27262E4500593894 /* CompactViewController.swift */; };
		AA45EBB627263E3A00593894 /* Intents.framework in Frameworks */ = {isa = PBXBuildFile; fileRef = AA45EBB527263E3A00593894 /* Intents.framework */; };
		AA45EBB927263E3A00593894 /* IntentHandler.swift in Sources */ = {isa = PBXBuildFile; fileRef = AA45EBB827263E3A00593894 /* IntentHandler.swift */; };
		AA45EBBD27263E3A00593894 /* MeshGradientIntent.appex in Embed App Extensions */ = {isa = PBXBuildFile; fileRef = AA45EBB427263E3A00593894 /* MeshGradientIntent.appex */; settings = {ATTRIBUTES = (RemoveHeadersOnCopy, ); }; };
		AA45EBC427263E7800593894 /* Intents.intentdefinition in Sources */ = {isa = PBXBuildFile; fileRef = AA45EBC327263E7800593894 /* Intents.intentdefinition */; };
		AA45EBC62726406F00593894 /* GenerateMeshGradientIntentHandler.swift in Sources */ = {isa = PBXBuildFile; fileRef = AA45EBC52726406F00593894 /* GenerateMeshGradientIntentHandler.swift */; };
		AA45EBC72726419700593894 /* MeshService.swift in Sources */ = {isa = PBXBuildFile; fileRef = AA6894E42724FA4E00A2FE51 /* MeshService.swift */; };
		AA45EBC9272641A100593894 /* MeshKit in Frameworks */ = {isa = PBXBuildFile; productRef = AA45EBC8272641A100593894 /* MeshKit */; };
		AA45EBCA27264A5B00593894 /* Intents.intentdefinition in Sources */ = {isa = PBXBuildFile; fileRef = AA45EBC327263E7800593894 /* Intents.intentdefinition */; };
		AA51753F272483CE00C25576 /* AppDelegate.swift in Sources */ = {isa = PBXBuildFile; fileRef = AA51753E272483CE00C25576 /* AppDelegate.swift */; };
		AA517541272483CE00C25576 /* SceneDelegate.swift in Sources */ = {isa = PBXBuildFile; fileRef = AA517540272483CE00C25576 /* SceneDelegate.swift */; };
		AA517543272483CE00C25576 /* EditorViewController.swift in Sources */ = {isa = PBXBuildFile; fileRef = AA517542272483CE00C25576 /* EditorViewController.swift */; };
		AA517549272483CE00C25576 /* Acrylic.xcdatamodeld in Sources */ = {isa = PBXBuildFile; fileRef = AA517547272483CE00C25576 /* Acrylic.xcdatamodeld */; };
		AA51754B272483CF00C25576 /* Assets.xcassets in Resources */ = {isa = PBXBuildFile; fileRef = AA51754A272483CF00C25576 /* Assets.xcassets */; };
		AA51754E272483CF00C25576 /* LaunchScreen.storyboard in Resources */ = {isa = PBXBuildFile; fileRef = AA51754C272483CF00C25576 /* LaunchScreen.storyboard */; };
		AA517559272483CF00C25576 /* AcrylicTests.swift in Sources */ = {isa = PBXBuildFile; fileRef = AA517558272483CF00C25576 /* AcrylicTests.swift */; };
		AA517563272483CF00C25576 /* AcrylicUITests.swift in Sources */ = {isa = PBXBuildFile; fileRef = AA517562272483CF00C25576 /* AcrylicUITests.swift */; };
		AA517565272483CF00C25576 /* AcrylicUITestsLaunchTests.swift in Sources */ = {isa = PBXBuildFile; fileRef = AA517564272483CF00C25576 /* AcrylicUITestsLaunchTests.swift */; };
		AA6654F92728E9E6006A5237 /* CompactView.swift in Sources */ = {isa = PBXBuildFile; fileRef = AA6654F82728E9E6006A5237 /* CompactView.swift */; };
		AA6894E52724FA4E00A2FE51 /* MeshService.swift in Sources */ = {isa = PBXBuildFile; fileRef = AA6894E42724FA4E00A2FE51 /* MeshService.swift */; };
		AA6894E72725016E00A2FE51 /* OptionsView.swift in Sources */ = {isa = PBXBuildFile; fileRef = AA6894E62725016E00A2FE51 /* OptionsView.swift */; };
		AA6894E9272501C400A2FE51 /* OptionsViewController.swift in Sources */ = {isa = PBXBuildFile; fileRef = AA6894E8272501C400A2FE51 /* OptionsViewController.swift */; };
		AA6894EB2725061500A2FE51 /* SBAVisualEffectView.swift in Sources */ = {isa = PBXBuildFile; fileRef = AA6894EA2725061500A2FE51 /* SBAVisualEffectView.swift */; };
		AA71CA6E27ECAC0A00C4722D /* RandomColor in Frameworks */ = {isa = PBXBuildFile; productRef = AA71CA6D27ECAC0A00C4722D /* RandomColor */; };
		AA71CA7027ECACA700C4722D /* RandomColor in Frameworks */ = {isa = PBXBuildFile; productRef = AA71CA6F27ECACA700C4722D /* RandomColor */; };
		AAB8853327E95A1000B43BC5 /* Blackbird in Frameworks */ = {isa = PBXBuildFile; productRef = AAB8853227E95A1000B43BC5 /* Blackbird */; };
		AAB8853727E95ACF00B43BC5 /* MeshKit in Frameworks */ = {isa = PBXBuildFile; productRef = AAB8853627E95ACF00B43BC5 /* MeshKit */; };
		AAB8853927E95BD700B43BC5 /* ImageDocument.swift in Sources */ = {isa = PBXBuildFile; fileRef = AAB8853827E95BD700B43BC5 /* ImageDocument.swift */; };
		AAB8853B27E95ECB00B43BC5 /* ExportViewController.swift in Sources */ = {isa = PBXBuildFile; fileRef = AAB8853A27E95ECB00B43BC5 /* ExportViewController.swift */; };
		AAF561792724D83600C7CED4 /* SplitViewController.swift in Sources */ = {isa = PBXBuildFile; fileRef = AAF561782724D83600C7CED4 /* SplitViewController.swift */; };
/* End PBXBuildFile section */

/* Begin PBXContainerItemProxy section */
		AA45EBBB27263E3A00593894 /* PBXContainerItemProxy */ = {
			isa = PBXContainerItemProxy;
			containerPortal = AA517533272483CE00C25576 /* Project object */;
			proxyType = 1;
			remoteGlobalIDString = AA45EBB327263E3A00593894;
			remoteInfo = MeshGradientIntent;
		};
		AA517555272483CF00C25576 /* PBXContainerItemProxy */ = {
			isa = PBXContainerItemProxy;
			containerPortal = AA517533272483CE00C25576 /* Project object */;
			proxyType = 1;
			remoteGlobalIDString = AA51753A272483CE00C25576;
			remoteInfo = Acrylic;
		};
		AA51755F272483CF00C25576 /* PBXContainerItemProxy */ = {
			isa = PBXContainerItemProxy;
			containerPortal = AA517533272483CE00C25576 /* Project object */;
			proxyType = 1;
			remoteGlobalIDString = AA51753A272483CE00C25576;
			remoteInfo = Acrylic;
		};
/* End PBXContainerItemProxy section */

/* Begin PBXCopyFilesBuildPhase section */
		AA45EBC227263E3A00593894 /* Embed App Extensions */ = {
			isa = PBXCopyFilesBuildPhase;
			buildActionMask = 2147483647;
			dstPath = "";
			dstSubfolderSpec = 13;
			files = (
				AA45EBBD27263E3A00593894 /* MeshGradientIntent.appex in Embed App Extensions */,
			);
			name = "Embed App Extensions";
			runOnlyForDeploymentPostprocessing = 0;
		};
/* End PBXCopyFilesBuildPhase section */

/* Begin PBXFileReference section */
		AA16D65027EBFB0F008C7761 /* UIImage+Additions.swift */ = {isa = PBXFileReference; fileEncoding = 4; lastKnownFileType = sourcecode.swift; path = "UIImage+Additions.swift"; sourceTree = "<group>"; };
		AA1A5C232725F973006932FE /* OptionsView+Selection.swift */ = {isa = PBXFileReference; lastKnownFileType = sourcecode.swift; path = "OptionsView+Selection.swift"; sourceTree = "<group>"; };
		AA1A5C252725F99E006932FE /* OptionsView+DetailView.swift */ = {isa = PBXFileReference; lastKnownFileType = sourcecode.swift; path = "OptionsView+DetailView.swift"; sourceTree = "<group>"; };
		AA1A5C272725F9BE006932FE /* OptionsView+Detail.swift */ = {isa = PBXFileReference; lastKnownFileType = sourcecode.swift; path = "OptionsView+Detail.swift"; sourceTree = "<group>"; };
		AA1A5C292725FA46006932FE /* OptionsView+Viewport.swift */ = {isa = PBXFileReference; lastKnownFileType = sourcecode.swift; path = "OptionsView+Viewport.swift"; sourceTree = "<group>"; };
		AA34BF4D27262ACA0066A50E /* ShareSheet.swift */ = {isa = PBXFileReference; fileEncoding = 4; lastKnownFileType = sourcecode.swift; path = ShareSheet.swift; sourceTree = "<group>"; };
		AA45EBAB27262E4500593894 /* CompactViewController.swift */ = {isa = PBXFileReference; lastKnownFileType = sourcecode.swift; path = CompactViewController.swift; sourceTree = "<group>"; };
		AA45EBB427263E3A00593894 /* MeshGradientIntent.appex */ = {isa = PBXFileReference; explicitFileType = "wrapper.app-extension"; includeInIndex = 0; path = MeshGradientIntent.appex; sourceTree = BUILT_PRODUCTS_DIR; };
		AA45EBB527263E3A00593894 /* Intents.framework */ = {isa = PBXFileReference; lastKnownFileType = wrapper.framework; name = Intents.framework; path = System/Library/Frameworks/Intents.framework; sourceTree = SDKROOT; };
		AA45EBB827263E3A00593894 /* IntentHandler.swift */ = {isa = PBXFileReference; lastKnownFileType = sourcecode.swift; path = IntentHandler.swift; sourceTree = "<group>"; };
		AA45EBBA27263E3A00593894 /* Info.plist */ = {isa = PBXFileReference; lastKnownFileType = text.plist.xml; path = Info.plist; sourceTree = "<group>"; };
		AA45EBBE27263E3A00593894 /* MeshGradientIntent.entitlements */ = {isa = PBXFileReference; lastKnownFileType = text.plist.entitlements; path = MeshGradientIntent.entitlements; sourceTree = "<group>"; };
		AA45EBC327263E7800593894 /* Intents.intentdefinition */ = {isa = PBXFileReference; lastKnownFileType = file.intentdefinition; path = Intents.intentdefinition; sourceTree = "<group>"; };
		AA45EBC52726406F00593894 /* GenerateMeshGradientIntentHandler.swift */ = {isa = PBXFileReference; lastKnownFileType = sourcecode.swift; path = GenerateMeshGradientIntentHandler.swift; sourceTree = "<group>"; };
		AA51753B272483CE00C25576 /* Acrylic.app */ = {isa = PBXFileReference; explicitFileType = wrapper.application; includeInIndex = 0; path = Acrylic.app; sourceTree = BUILT_PRODUCTS_DIR; };
		AA51753E272483CE00C25576 /* AppDelegate.swift */ = {isa = PBXFileReference; lastKnownFileType = sourcecode.swift; path = AppDelegate.swift; sourceTree = "<group>"; };
		AA517540272483CE00C25576 /* SceneDelegate.swift */ = {isa = PBXFileReference; lastKnownFileType = sourcecode.swift; path = SceneDelegate.swift; sourceTree = "<group>"; };
		AA517542272483CE00C25576 /* EditorViewController.swift */ = {isa = PBXFileReference; lastKnownFileType = sourcecode.swift; path = EditorViewController.swift; sourceTree = "<group>"; };
		AA517548272483CE00C25576 /* Acrylic.xcdatamodel */ = {isa = PBXFileReference; lastKnownFileType = wrapper.xcdatamodel; path = Acrylic.xcdatamodel; sourceTree = "<group>"; };
		AA51754A272483CF00C25576 /* Assets.xcassets */ = {isa = PBXFileReference; lastKnownFileType = folder.assetcatalog; path = Assets.xcassets; sourceTree = "<group>"; };
		AA51754D272483CF00C25576 /* Base */ = {isa = PBXFileReference; lastKnownFileType = file.storyboard; name = Base; path = Base.lproj/LaunchScreen.storyboard; sourceTree = "<group>"; };
		AA51754F272483CF00C25576 /* Info.plist */ = {isa = PBXFileReference; lastKnownFileType = text.plist.xml; path = Info.plist; sourceTree = "<group>"; };
		AA517554272483CF00C25576 /* AcrylicTests.xctest */ = {isa = PBXFileReference; explicitFileType = wrapper.cfbundle; includeInIndex = 0; path = AcrylicTests.xctest; sourceTree = BUILT_PRODUCTS_DIR; };
		AA517558272483CF00C25576 /* AcrylicTests.swift */ = {isa = PBXFileReference; lastKnownFileType = sourcecode.swift; path = AcrylicTests.swift; sourceTree = "<group>"; };
		AA51755E272483CF00C25576 /* AcrylicUITests.xctest */ = {isa = PBXFileReference; explicitFileType = wrapper.cfbundle; includeInIndex = 0; path = AcrylicUITests.xctest; sourceTree = BUILT_PRODUCTS_DIR; };
		AA517562272483CF00C25576 /* AcrylicUITests.swift */ = {isa = PBXFileReference; lastKnownFileType = sourcecode.swift; path = AcrylicUITests.swift; sourceTree = "<group>"; };
		AA517564272483CF00C25576 /* AcrylicUITestsLaunchTests.swift */ = {isa = PBXFileReference; lastKnownFileType = sourcecode.swift; path = AcrylicUITestsLaunchTests.swift; sourceTree = "<group>"; };
		AA517571272483DD00C25576 /* Acrylic.entitlements */ = {isa = PBXFileReference; lastKnownFileType = text.plist.entitlements; path = Acrylic.entitlements; sourceTree = "<group>"; };
		AA6654F82728E9E6006A5237 /* CompactView.swift */ = {isa = PBXFileReference; lastKnownFileType = sourcecode.swift; path = CompactView.swift; sourceTree = "<group>"; };
		AA6894E42724FA4E00A2FE51 /* MeshService.swift */ = {isa = PBXFileReference; lastKnownFileType = sourcecode.swift; path = MeshService.swift; sourceTree = "<group>"; };
		AA6894E62725016E00A2FE51 /* OptionsView.swift */ = {isa = PBXFileReference; lastKnownFileType = sourcecode.swift; path = OptionsView.swift; sourceTree = "<group>"; };
		AA6894E8272501C400A2FE51 /* OptionsViewController.swift */ = {isa = PBXFileReference; lastKnownFileType = sourcecode.swift; path = OptionsViewController.swift; sourceTree = "<group>"; };
		AA6894EA2725061500A2FE51 /* SBAVisualEffectView.swift */ = {isa = PBXFileReference; lastKnownFileType = sourcecode.swift; path = SBAVisualEffectView.swift; sourceTree = "<group>"; };
		AAB8853527E95A3300B43BC5 /* MeshKit */ = {isa = PBXFileReference; lastKnownFileType = wrapper; path = MeshKit; sourceTree = "<group>"; };
		AAB8853827E95BD700B43BC5 /* ImageDocument.swift */ = {isa = PBXFileReference; lastKnownFileType = sourcecode.swift; path = ImageDocument.swift; sourceTree = "<group>"; };
		AAB8853A27E95ECB00B43BC5 /* ExportViewController.swift */ = {isa = PBXFileReference; lastKnownFileType = sourcecode.swift; path = ExportViewController.swift; sourceTree = "<group>"; };
		AAF561782724D83600C7CED4 /* SplitViewController.swift */ = {isa = PBXFileReference; lastKnownFileType = sourcecode.swift; path = SplitViewController.swift; sourceTree = "<group>"; };
/* End PBXFileReference section */

/* Begin PBXFrameworksBuildPhase section */
		AA45EBB127263E3A00593894 /* Frameworks */ = {
			isa = PBXFrameworksBuildPhase;
			buildActionMask = 2147483647;
			files = (
				AA71CA7027ECACA700C4722D /* RandomColor in Frameworks */,
				AA45EBC9272641A100593894 /* MeshKit in Frameworks */,
				AA45EBB627263E3A00593894 /* Intents.framework in Frameworks */,
			);
			runOnlyForDeploymentPostprocessing = 0;
		};
		AA517538272483CE00C25576 /* Frameworks */ = {
			isa = PBXFrameworksBuildPhase;
			buildActionMask = 2147483647;
			files = (
				AA71CA6E27ECAC0A00C4722D /* RandomColor in Frameworks */,
				AAB8853727E95ACF00B43BC5 /* MeshKit in Frameworks */,
				AAB8853327E95A1000B43BC5 /* Blackbird in Frameworks */,
			);
			runOnlyForDeploymentPostprocessing = 0;
		};
		AA517551272483CF00C25576 /* Frameworks */ = {
			isa = PBXFrameworksBuildPhase;
			buildActionMask = 2147483647;
			files = (
			);
			runOnlyForDeploymentPostprocessing = 0;
		};
		AA51755B272483CF00C25576 /* Frameworks */ = {
			isa = PBXFrameworksBuildPhase;
			buildActionMask = 2147483647;
			files = (
			);
			runOnlyForDeploymentPostprocessing = 0;
		};
/* End PBXFrameworksBuildPhase section */

/* Begin PBXGroup section */
		AA1A5C222725F957006932FE /* OptionsView */ = {
			isa = PBXGroup;
			children = (
				AA6894E62725016E00A2FE51 /* OptionsView.swift */,
				AA1A5C232725F973006932FE /* OptionsView+Selection.swift */,
				AA1A5C272725F9BE006932FE /* OptionsView+Detail.swift */,
				AA1A5C292725FA46006932FE /* OptionsView+Viewport.swift */,
				AA1A5C252725F99E006932FE /* OptionsView+DetailView.swift */,
			);
			path = OptionsView;
			sourceTree = "<group>";
		};
		AA35D982272498D3000BB333 /* Frameworks */ = {
			isa = PBXGroup;
			children = (
				AA45EBB527263E3A00593894 /* Intents.framework */,
			);
			name = Frameworks;
			sourceTree = "<group>";
		};
		AA45EBB727263E3A00593894 /* MeshGradientIntent */ = {
			isa = PBXGroup;
			children = (
				AA45EBBE27263E3A00593894 /* MeshGradientIntent.entitlements */,
				AA45EBB827263E3A00593894 /* IntentHandler.swift */,
				AA45EBC52726406F00593894 /* GenerateMeshGradientIntentHandler.swift */,
				AA45EBBA27263E3A00593894 /* Info.plist */,
				AA45EBC327263E7800593894 /* Intents.intentdefinition */,
			);
			path = MeshGradientIntent;
			sourceTree = "<group>";
		};
		AA517532272483CE00C25576 = {
			isa = PBXGroup;
			children = (
				AAB8853427E95A3300B43BC5 /* Packages */,
				AA51753D272483CE00C25576 /* Acrylic */,
				AA517557272483CF00C25576 /* AcrylicTests */,
				AA517561272483CF00C25576 /* AcrylicUITests */,
				AA45EBB727263E3A00593894 /* MeshGradientIntent */,
				AA51753C272483CE00C25576 /* Products */,
				AA35D982272498D3000BB333 /* Frameworks */,
			);
			sourceTree = "<group>";
		};
		AA51753C272483CE00C25576 /* Products */ = {
			isa = PBXGroup;
			children = (
				AA51753B272483CE00C25576 /* Acrylic.app */,
				AA517554272483CF00C25576 /* AcrylicTests.xctest */,
				AA51755E272483CF00C25576 /* AcrylicUITests.xctest */,
				AA45EBB427263E3A00593894 /* MeshGradientIntent.appex */,
			);
			name = Products;
			sourceTree = "<group>";
		};
		AA51753D272483CE00C25576 /* Acrylic */ = {
			isa = PBXGroup;
			children = (
				AA517571272483DD00C25576 /* Acrylic.entitlements */,
				AA51753E272483CE00C25576 /* AppDelegate.swift */,
				AA517540272483CE00C25576 /* SceneDelegate.swift */,
				AAB8853827E95BD700B43BC5 /* ImageDocument.swift */,
				AA6654FA2728E9E9006A5237 /* CompactView */,
				AAF561782724D83600C7CED4 /* SplitViewController.swift */,
				AA6894E8272501C400A2FE51 /* OptionsViewController.swift */,
				AAB8853A27E95ECB00B43BC5 /* ExportViewController.swift */,
				AA1A5C222725F957006932FE /* OptionsView */,
				AA517542272483CE00C25576 /* EditorViewController.swift */,
				AA6894EA2725061500A2FE51 /* SBAVisualEffectView.swift */,
				AA34BF4D27262ACA0066A50E /* ShareSheet.swift */,
				AA6894E42724FA4E00A2FE51 /* MeshService.swift */,
				AA16D65027EBFB0F008C7761 /* UIImage+Additions.swift */,
				AA51754A272483CF00C25576 /* Assets.xcassets */,
				AA51754C272483CF00C25576 /* LaunchScreen.storyboard */,
				AA51754F272483CF00C25576 /* Info.plist */,
				AA517547272483CE00C25576 /* Acrylic.xcdatamodeld */,
			);
			path = Acrylic;
			sourceTree = "<group>";
		};
		AA517557272483CF00C25576 /* AcrylicTests */ = {
			isa = PBXGroup;
			children = (
				AA517558272483CF00C25576 /* AcrylicTests.swift */,
			);
			path = AcrylicTests;
			sourceTree = "<group>";
		};
		AA517561272483CF00C25576 /* AcrylicUITests */ = {
			isa = PBXGroup;
			children = (
				AA517562272483CF00C25576 /* AcrylicUITests.swift */,
				AA517564272483CF00C25576 /* AcrylicUITestsLaunchTests.swift */,
			);
			path = AcrylicUITests;
			sourceTree = "<group>";
		};
		AA6654FA2728E9E9006A5237 /* CompactView */ = {
			isa = PBXGroup;
			children = (
				AA45EBAB27262E4500593894 /* CompactViewController.swift */,
				AA6654F82728E9E6006A5237 /* CompactView.swift */,
			);
			path = CompactView;
			sourceTree = "<group>";
		};
		AAB8853427E95A3300B43BC5 /* Packages */ = {
			isa = PBXGroup;
			children = (
				AAB8853527E95A3300B43BC5 /* MeshKit */,
			);
			name = Packages;
			sourceTree = "<group>";
		};
/* End PBXGroup section */

/* Begin PBXNativeTarget section */
		AA45EBB327263E3A00593894 /* MeshGradientIntent */ = {
			isa = PBXNativeTarget;
			buildConfigurationList = AA45EBBF27263E3A00593894 /* Build configuration list for PBXNativeTarget "MeshGradientIntent" */;
			buildPhases = (
				AA45EBB027263E3A00593894 /* Sources */,
				AA45EBB127263E3A00593894 /* Frameworks */,
				AA45EBB227263E3A00593894 /* Resources */,
			);
			buildRules = (
			);
			dependencies = (
			);
			name = MeshGradientIntent;
			packageProductDependencies = (
				AA45EBC8272641A100593894 /* MeshKit */,
				AA71CA6F27ECACA700C4722D /* RandomColor */,
			);
			productName = MeshGradientIntent;
			productReference = AA45EBB427263E3A00593894 /* MeshGradientIntent.appex */;
			productType = "com.apple.product-type.app-extension";
		};
		AA51753A272483CE00C25576 /* Acrylic */ = {
			isa = PBXNativeTarget;
			buildConfigurationList = AA517568272483CF00C25576 /* Build configuration list for PBXNativeTarget "Acrylic" */;
			buildPhases = (
				AA517537272483CE00C25576 /* Sources */,
				AA517538272483CE00C25576 /* Frameworks */,
				AA517539272483CE00C25576 /* Resources */,
				AA45EBC227263E3A00593894 /* Embed App Extensions */,
			);
			buildRules = (
			);
			dependencies = (
				AA45EBBC27263E3A00593894 /* PBXTargetDependency */,
			);
			name = Acrylic;
			packageProductDependencies = (
				AAB8853227E95A1000B43BC5 /* Blackbird */,
				AAB8853627E95ACF00B43BC5 /* MeshKit */,
				AA71CA6D27ECAC0A00C4722D /* RandomColor */,
			);
			productName = Acrylic;
			productReference = AA51753B272483CE00C25576 /* Acrylic.app */;
			productType = "com.apple.product-type.application";
		};
		AA517553272483CF00C25576 /* AcrylicTests */ = {
			isa = PBXNativeTarget;
			buildConfigurationList = AA51756B272483CF00C25576 /* Build configuration list for PBXNativeTarget "AcrylicTests" */;
			buildPhases = (
				AA517550272483CF00C25576 /* Sources */,
				AA517551272483CF00C25576 /* Frameworks */,
				AA517552272483CF00C25576 /* Resources */,
			);
			buildRules = (
			);
			dependencies = (
				AA517556272483CF00C25576 /* PBXTargetDependency */,
			);
			name = AcrylicTests;
			productName = AcrylicTests;
			productReference = AA517554272483CF00C25576 /* AcrylicTests.xctest */;
			productType = "com.apple.product-type.bundle.unit-test";
		};
		AA51755D272483CF00C25576 /* AcrylicUITests */ = {
			isa = PBXNativeTarget;
			buildConfigurationList = AA51756E272483CF00C25576 /* Build configuration list for PBXNativeTarget "AcrylicUITests" */;
			buildPhases = (
				AA51755A272483CF00C25576 /* Sources */,
				AA51755B272483CF00C25576 /* Frameworks */,
				AA51755C272483CF00C25576 /* Resources */,
			);
			buildRules = (
			);
			dependencies = (
				AA517560272483CF00C25576 /* PBXTargetDependency */,
			);
			name = AcrylicUITests;
			productName = AcrylicUITests;
			productReference = AA51755E272483CF00C25576 /* AcrylicUITests.xctest */;
			productType = "com.apple.product-type.bundle.ui-testing";
		};
/* End PBXNativeTarget section */

/* Begin PBXProject section */
		AA517533272483CE00C25576 /* Project object */ = {
			isa = PBXProject;
			attributes = {
				BuildIndependentTargetsInParallel = 1;
				LastSwiftUpdateCheck = 1310;
				LastUpgradeCheck = 1310;
				TargetAttributes = {
					AA45EBB327263E3A00593894 = {
						CreatedOnToolsVersion = 13.1;
					};
					AA51753A272483CE00C25576 = {
						CreatedOnToolsVersion = 13.1;
					};
					AA517553272483CF00C25576 = {
						CreatedOnToolsVersion = 13.1;
						TestTargetID = AA51753A272483CE00C25576;
					};
					AA51755D272483CF00C25576 = {
						CreatedOnToolsVersion = 13.1;
						TestTargetID = AA51753A272483CE00C25576;
					};
				};
			};
			buildConfigurationList = AA517536272483CE00C25576 /* Build configuration list for PBXProject "Acrylic" */;
			compatibilityVersion = "Xcode 13.0";
			developmentRegion = en;
			hasScannedForEncodings = 0;
			knownRegions = (
				en,
				Base,
			);
			mainGroup = AA517532272483CE00C25576;
			packageReferences = (
				AAB8853127E95A1000B43BC5 /* XCRemoteSwiftPackageReference "Blackbird" */,
				AA71CA6C27ECAC0A00C4722D /* XCRemoteSwiftPackageReference "RandomColorSwift" */,
			);
			productRefGroup = AA51753C272483CE00C25576 /* Products */;
			projectDirPath = "";
			projectRoot = "";
			targets = (
				AA51753A272483CE00C25576 /* Acrylic */,
				AA517553272483CF00C25576 /* AcrylicTests */,
				AA51755D272483CF00C25576 /* AcrylicUITests */,
				AA45EBB327263E3A00593894 /* MeshGradientIntent */,
			);
		};
/* End PBXProject section */

/* Begin PBXResourcesBuildPhase section */
		AA45EBB227263E3A00593894 /* Resources */ = {
			isa = PBXResourcesBuildPhase;
			buildActionMask = 2147483647;
			files = (
			);
			runOnlyForDeploymentPostprocessing = 0;
		};
		AA517539272483CE00C25576 /* Resources */ = {
			isa = PBXResourcesBuildPhase;
			buildActionMask = 2147483647;
			files = (
				AA51754E272483CF00C25576 /* LaunchScreen.storyboard in Resources */,
				AA51754B272483CF00C25576 /* Assets.xcassets in Resources */,
			);
			runOnlyForDeploymentPostprocessing = 0;
		};
		AA517552272483CF00C25576 /* Resources */ = {
			isa = PBXResourcesBuildPhase;
			buildActionMask = 2147483647;
			files = (
			);
			runOnlyForDeploymentPostprocessing = 0;
		};
		AA51755C272483CF00C25576 /* Resources */ = {
			isa = PBXResourcesBuildPhase;
			buildActionMask = 2147483647;
			files = (
			);
			runOnlyForDeploymentPostprocessing = 0;
		};
/* End PBXResourcesBuildPhase section */

/* Begin PBXSourcesBuildPhase section */
		AA45EBB027263E3A00593894 /* Sources */ = {
			isa = PBXSourcesBuildPhase;
			buildActionMask = 2147483647;
			files = (
				AA45EBC62726406F00593894 /* GenerateMeshGradientIntentHandler.swift in Sources */,
				AA45EBC427263E7800593894 /* Intents.intentdefinition in Sources */,
				AA45EBC72726419700593894 /* MeshService.swift in Sources */,
				AA45EBB927263E3A00593894 /* IntentHandler.swift in Sources */,
				AA16D65227EBFB0F008C7761 /* UIImage+Additions.swift in Sources */,
			);
			runOnlyForDeploymentPostprocessing = 0;
		};
		AA517537272483CE00C25576 /* Sources */ = {
			isa = PBXSourcesBuildPhase;
			buildActionMask = 2147483647;
			files = (
				AAF561792724D83600C7CED4 /* SplitViewController.swift in Sources */,
				AA34BF4E27262ACA0066A50E /* ShareSheet.swift in Sources */,
				AA45EBCA27264A5B00593894 /* Intents.intentdefinition in Sources */,
				AA1A5C2A2725FA46006932FE /* OptionsView+Viewport.swift in Sources */,
				AA6894E9272501C400A2FE51 /* OptionsViewController.swift in Sources */,
				AA6894EB2725061500A2FE51 /* SBAVisualEffectView.swift in Sources */,
				AA1A5C242725F973006932FE /* OptionsView+Selection.swift in Sources */,
				AA517543272483CE00C25576 /* EditorViewController.swift in Sources */,
				AA6654F92728E9E6006A5237 /* CompactView.swift in Sources */,
				AA16D65127EBFB0F008C7761 /* UIImage+Additions.swift in Sources */,
				AA51753F272483CE00C25576 /* AppDelegate.swift in Sources */,
				AAB8853927E95BD700B43BC5 /* ImageDocument.swift in Sources */,
				AA6894E72725016E00A2FE51 /* OptionsView.swift in Sources */,
				AA517541272483CE00C25576 /* SceneDelegate.swift in Sources */,
				AAB8853B27E95ECB00B43BC5 /* ExportViewController.swift in Sources */,
				AA1A5C282725F9BE006932FE /* OptionsView+Detail.swift in Sources */,
				AA45EBAC27262E4500593894 /* CompactViewController.swift in Sources */,
				AA517549272483CE00C25576 /* Acrylic.xcdatamodeld in Sources */,
				AA1A5C262725F99E006932FE /* OptionsView+DetailView.swift in Sources */,
				AA6894E52724FA4E00A2FE51 /* MeshService.swift in Sources */,
			);
			runOnlyForDeploymentPostprocessing = 0;
		};
		AA517550272483CF00C25576 /* Sources */ = {
			isa = PBXSourcesBuildPhase;
			buildActionMask = 2147483647;
			files = (
				AA517559272483CF00C25576 /* AcrylicTests.swift in Sources */,
			);
			runOnlyForDeploymentPostprocessing = 0;
		};
		AA51755A272483CF00C25576 /* Sources */ = {
			isa = PBXSourcesBuildPhase;
			buildActionMask = 2147483647;
			files = (
				AA517565272483CF00C25576 /* AcrylicUITestsLaunchTests.swift in Sources */,
				AA517563272483CF00C25576 /* AcrylicUITests.swift in Sources */,
			);
			runOnlyForDeploymentPostprocessing = 0;
		};
/* End PBXSourcesBuildPhase section */

/* Begin PBXTargetDependency section */
		AA45EBBC27263E3A00593894 /* PBXTargetDependency */ = {
			isa = PBXTargetDependency;
			target = AA45EBB327263E3A00593894 /* MeshGradientIntent */;
			targetProxy = AA45EBBB27263E3A00593894 /* PBXContainerItemProxy */;
		};
		AA517556272483CF00C25576 /* PBXTargetDependency */ = {
			isa = PBXTargetDependency;
			target = AA51753A272483CE00C25576 /* Acrylic */;
			targetProxy = AA517555272483CF00C25576 /* PBXContainerItemProxy */;
		};
		AA517560272483CF00C25576 /* PBXTargetDependency */ = {
			isa = PBXTargetDependency;
			target = AA51753A272483CE00C25576 /* Acrylic */;
			targetProxy = AA51755F272483CF00C25576 /* PBXContainerItemProxy */;
		};
/* End PBXTargetDependency section */

/* Begin PBXVariantGroup section */
		AA51754C272483CF00C25576 /* LaunchScreen.storyboard */ = {
			isa = PBXVariantGroup;
			children = (
				AA51754D272483CF00C25576 /* Base */,
			);
			name = LaunchScreen.storyboard;
			sourceTree = "<group>";
		};
/* End PBXVariantGroup section */

/* Begin XCBuildConfiguration section */
		AA45EBC027263E3A00593894 /* Debug */ = {
			isa = XCBuildConfiguration;
			buildSettings = {
				CODE_SIGN_ENTITLEMENTS = MeshGradientIntent/MeshGradientIntent.entitlements;
				CODE_SIGN_STYLE = Automatic;
				CURRENT_PROJECT_VERSION = 24;
				DEVELOPMENT_TEAM = B6QG723P8Z;
				GENERATE_INFOPLIST_FILE = YES;
				INFOPLIST_FILE = MeshGradientIntent/Info.plist;
				INFOPLIST_KEY_CFBundleDisplayName = MeshGradientIntent;
				INFOPLIST_KEY_NSHumanReadableCopyright = "";
				IPHONEOS_DEPLOYMENT_TARGET = 14.0;
				LD_RUNPATH_SEARCH_PATHS = (
					"$(inherited)",
					"@executable_path/Frameworks",
					"@executable_path/../../Frameworks",
				);
				MARKETING_VERSION = 1.0;
				PRODUCT_BUNDLE_IDENTIFIER = com.ethanlipnik.Acrylic.MeshGradientIntent;
				PRODUCT_NAME = "$(TARGET_NAME)";
				SKIP_INSTALL = YES;
				SUPPORTS_MACCATALYST = YES;
				SUPPORTS_MAC_DESIGNED_FOR_IPHONE_IPAD = YES;
				SWIFT_EMIT_LOC_STRINGS = YES;
				SWIFT_VERSION = 5.0;
				TARGETED_DEVICE_FAMILY = "1,2";
			};
			name = Debug;
		};
		AA45EBC127263E3A00593894 /* Release */ = {
			isa = XCBuildConfiguration;
			buildSettings = {
				CODE_SIGN_ENTITLEMENTS = MeshGradientIntent/MeshGradientIntent.entitlements;
				CODE_SIGN_STYLE = Automatic;
				CURRENT_PROJECT_VERSION = 24;
				DEVELOPMENT_TEAM = B6QG723P8Z;
				GENERATE_INFOPLIST_FILE = YES;
				INFOPLIST_FILE = MeshGradientIntent/Info.plist;
				INFOPLIST_KEY_CFBundleDisplayName = MeshGradientIntent;
				INFOPLIST_KEY_NSHumanReadableCopyright = "";
				IPHONEOS_DEPLOYMENT_TARGET = 14.0;
				LD_RUNPATH_SEARCH_PATHS = (
					"$(inherited)",
					"@executable_path/Frameworks",
					"@executable_path/../../Frameworks",
				);
				MARKETING_VERSION = 1.0;
				PRODUCT_BUNDLE_IDENTIFIER = com.ethanlipnik.Acrylic.MeshGradientIntent;
				PRODUCT_NAME = "$(TARGET_NAME)";
				SKIP_INSTALL = YES;
				SUPPORTS_MACCATALYST = YES;
				SUPPORTS_MAC_DESIGNED_FOR_IPHONE_IPAD = YES;
				SWIFT_EMIT_LOC_STRINGS = YES;
				SWIFT_VERSION = 5.0;
				TARGETED_DEVICE_FAMILY = "1,2";
			};
			name = Release;
		};
		AA517566272483CF00C25576 /* Debug */ = {
			isa = XCBuildConfiguration;
			buildSettings = {
				ALWAYS_SEARCH_USER_PATHS = NO;
				CLANG_ANALYZER_NONNULL = YES;
				CLANG_ANALYZER_NUMBER_OBJECT_CONVERSION = YES_AGGRESSIVE;
				CLANG_CXX_LANGUAGE_STANDARD = "gnu++17";
				CLANG_CXX_LIBRARY = "libc++";
				CLANG_ENABLE_MODULES = YES;
				CLANG_ENABLE_OBJC_ARC = YES;
				CLANG_ENABLE_OBJC_WEAK = YES;
				CLANG_WARN_BLOCK_CAPTURE_AUTORELEASING = YES;
				CLANG_WARN_BOOL_CONVERSION = YES;
				CLANG_WARN_COMMA = YES;
				CLANG_WARN_CONSTANT_CONVERSION = YES;
				CLANG_WARN_DEPRECATED_OBJC_IMPLEMENTATIONS = YES;
				CLANG_WARN_DIRECT_OBJC_ISA_USAGE = YES_ERROR;
				CLANG_WARN_DOCUMENTATION_COMMENTS = YES;
				CLANG_WARN_EMPTY_BODY = YES;
				CLANG_WARN_ENUM_CONVERSION = YES;
				CLANG_WARN_INFINITE_RECURSION = YES;
				CLANG_WARN_INT_CONVERSION = YES;
				CLANG_WARN_NON_LITERAL_NULL_CONVERSION = YES;
				CLANG_WARN_OBJC_IMPLICIT_RETAIN_SELF = YES;
				CLANG_WARN_OBJC_LITERAL_CONVERSION = YES;
				CLANG_WARN_OBJC_ROOT_CLASS = YES_ERROR;
				CLANG_WARN_QUOTED_INCLUDE_IN_FRAMEWORK_HEADER = YES;
				CLANG_WARN_RANGE_LOOP_ANALYSIS = YES;
				CLANG_WARN_STRICT_PROTOTYPES = YES;
				CLANG_WARN_SUSPICIOUS_MOVE = YES;
				CLANG_WARN_UNGUARDED_AVAILABILITY = YES_AGGRESSIVE;
				CLANG_WARN_UNREACHABLE_CODE = YES;
				CLANG_WARN__DUPLICATE_METHOD_MATCH = YES;
				COPY_PHASE_STRIP = NO;
				DEBUG_INFORMATION_FORMAT = dwarf;
				ENABLE_STRICT_OBJC_MSGSEND = YES;
				ENABLE_TESTABILITY = YES;
				GCC_C_LANGUAGE_STANDARD = gnu11;
				GCC_DYNAMIC_NO_PIC = NO;
				GCC_NO_COMMON_BLOCKS = YES;
				GCC_OPTIMIZATION_LEVEL = 0;
				GCC_PREPROCESSOR_DEFINITIONS = (
					"DEBUG=1",
					"$(inherited)",
				);
				GCC_WARN_64_TO_32_BIT_CONVERSION = YES;
				GCC_WARN_ABOUT_RETURN_TYPE = YES_ERROR;
				GCC_WARN_UNDECLARED_SELECTOR = YES;
				GCC_WARN_UNINITIALIZED_AUTOS = YES_AGGRESSIVE;
				GCC_WARN_UNUSED_FUNCTION = YES;
				GCC_WARN_UNUSED_VARIABLE = YES;
				IPHONEOS_DEPLOYMENT_TARGET = 15.0;
				MTL_ENABLE_DEBUG_INFO = INCLUDE_SOURCE;
				MTL_FAST_MATH = YES;
				ONLY_ACTIVE_ARCH = YES;
				SDKROOT = iphoneos;
				SWIFT_ACTIVE_COMPILATION_CONDITIONS = DEBUG;
				SWIFT_OPTIMIZATION_LEVEL = "-Onone";
			};
			name = Debug;
		};
		AA517567272483CF00C25576 /* Release */ = {
			isa = XCBuildConfiguration;
			buildSettings = {
				ALWAYS_SEARCH_USER_PATHS = NO;
				CLANG_ANALYZER_NONNULL = YES;
				CLANG_ANALYZER_NUMBER_OBJECT_CONVERSION = YES_AGGRESSIVE;
				CLANG_CXX_LANGUAGE_STANDARD = "gnu++17";
				CLANG_CXX_LIBRARY = "libc++";
				CLANG_ENABLE_MODULES = YES;
				CLANG_ENABLE_OBJC_ARC = YES;
				CLANG_ENABLE_OBJC_WEAK = YES;
				CLANG_WARN_BLOCK_CAPTURE_AUTORELEASING = YES;
				CLANG_WARN_BOOL_CONVERSION = YES;
				CLANG_WARN_COMMA = YES;
				CLANG_WARN_CONSTANT_CONVERSION = YES;
				CLANG_WARN_DEPRECATED_OBJC_IMPLEMENTATIONS = YES;
				CLANG_WARN_DIRECT_OBJC_ISA_USAGE = YES_ERROR;
				CLANG_WARN_DOCUMENTATION_COMMENTS = YES;
				CLANG_WARN_EMPTY_BODY = YES;
				CLANG_WARN_ENUM_CONVERSION = YES;
				CLANG_WARN_INFINITE_RECURSION = YES;
				CLANG_WARN_INT_CONVERSION = YES;
				CLANG_WARN_NON_LITERAL_NULL_CONVERSION = YES;
				CLANG_WARN_OBJC_IMPLICIT_RETAIN_SELF = YES;
				CLANG_WARN_OBJC_LITERAL_CONVERSION = YES;
				CLANG_WARN_OBJC_ROOT_CLASS = YES_ERROR;
				CLANG_WARN_QUOTED_INCLUDE_IN_FRAMEWORK_HEADER = YES;
				CLANG_WARN_RANGE_LOOP_ANALYSIS = YES;
				CLANG_WARN_STRICT_PROTOTYPES = YES;
				CLANG_WARN_SUSPICIOUS_MOVE = YES;
				CLANG_WARN_UNGUARDED_AVAILABILITY = YES_AGGRESSIVE;
				CLANG_WARN_UNREACHABLE_CODE = YES;
				CLANG_WARN__DUPLICATE_METHOD_MATCH = YES;
				COPY_PHASE_STRIP = NO;
				DEBUG_INFORMATION_FORMAT = "dwarf-with-dsym";
				ENABLE_NS_ASSERTIONS = NO;
				ENABLE_STRICT_OBJC_MSGSEND = YES;
				GCC_C_LANGUAGE_STANDARD = gnu11;
				GCC_NO_COMMON_BLOCKS = YES;
				GCC_WARN_64_TO_32_BIT_CONVERSION = YES;
				GCC_WARN_ABOUT_RETURN_TYPE = YES_ERROR;
				GCC_WARN_UNDECLARED_SELECTOR = YES;
				GCC_WARN_UNINITIALIZED_AUTOS = YES_AGGRESSIVE;
				GCC_WARN_UNUSED_FUNCTION = YES;
				GCC_WARN_UNUSED_VARIABLE = YES;
				IPHONEOS_DEPLOYMENT_TARGET = 15.0;
				MTL_ENABLE_DEBUG_INFO = NO;
				MTL_FAST_MATH = YES;
				SDKROOT = iphoneos;
				SWIFT_COMPILATION_MODE = wholemodule;
				SWIFT_OPTIMIZATION_LEVEL = "-O";
				VALIDATE_PRODUCT = YES;
			};
			name = Release;
		};
		AA517569272483CF00C25576 /* Debug */ = {
			isa = XCBuildConfiguration;
			buildSettings = {
				ALWAYS_EMBED_SWIFT_STANDARD_LIBRARIES = YES;
				ASSETCATALOG_COMPILER_APPICON_NAME = AppIcon;
				ASSETCATALOG_COMPILER_GLOBAL_ACCENT_COLOR_NAME = AccentColor;
				CODE_SIGN_ENTITLEMENTS = Acrylic/Acrylic.entitlements;
				CODE_SIGN_STYLE = Automatic;
				CURRENT_PROJECT_VERSION = 24;
				DEVELOPMENT_TEAM = B6QG723P8Z;
				"ENABLE_HARDENED_RUNTIME[sdk=macosx*]" = YES;
				GENERATE_INFOPLIST_FILE = YES;
				INFOPLIST_FILE = Acrylic/Info.plist;
				INFOPLIST_KEY_LSApplicationCategoryType = "public.app-category.graphics-design";
				INFOPLIST_KEY_NSPhotoLibraryAddUsageDescription = "Save exports to device";
				INFOPLIST_KEY_UIApplicationSupportsIndirectInputEvents = YES;
				INFOPLIST_KEY_UILaunchStoryboardName = LaunchScreen;
				INFOPLIST_KEY_UIRequiresFullScreen = NO;
				INFOPLIST_KEY_UISupportedInterfaceOrientations = UIInterfaceOrientationPortrait;
				INFOPLIST_KEY_UISupportedInterfaceOrientations_iPad = "UIInterfaceOrientationPortrait UIInterfaceOrientationPortraitUpsideDown UIInterfaceOrientationLandscapeLeft UIInterfaceOrientationLandscapeRight";
				INFOPLIST_KEY_UISupportedInterfaceOrientations_iPhone = "UIInterfaceOrientationPortrait UIInterfaceOrientationLandscapeLeft UIInterfaceOrientationLandscapeRight";
				IPHONEOS_DEPLOYMENT_TARGET = 15.0;
				LD_RUNPATH_SEARCH_PATHS = (
					"$(inherited)",
					"@executable_path/Frameworks",
				);
				MARKETING_VERSION = 1.0;
				PRODUCT_BUNDLE_IDENTIFIER = com.ethanlipnik.Acrylic;
				PRODUCT_NAME = "$(TARGET_NAME)";
				SUPPORTS_MACCATALYST = YES;
				SUPPORTS_MAC_DESIGNED_FOR_IPHONE_IPAD = NO;
				SWIFT_EMIT_LOC_STRINGS = YES;
				SWIFT_VERSION = 5.0;
				TARGETED_DEVICE_FAMILY = "1,2,6";
			};
			name = Debug;
		};
		AA51756A272483CF00C25576 /* Release */ = {
			isa = XCBuildConfiguration;
			buildSettings = {
				ALWAYS_EMBED_SWIFT_STANDARD_LIBRARIES = YES;
				ASSETCATALOG_COMPILER_APPICON_NAME = AppIcon;
				ASSETCATALOG_COMPILER_GLOBAL_ACCENT_COLOR_NAME = AccentColor;
				CODE_SIGN_ENTITLEMENTS = Acrylic/Acrylic.entitlements;
				CODE_SIGN_STYLE = Automatic;
				CURRENT_PROJECT_VERSION = 24;
				DEVELOPMENT_TEAM = B6QG723P8Z;
				"ENABLE_HARDENED_RUNTIME[sdk=macosx*]" = YES;
				GENERATE_INFOPLIST_FILE = YES;
				INFOPLIST_FILE = Acrylic/Info.plist;
				INFOPLIST_KEY_LSApplicationCategoryType = "public.app-category.graphics-design";
				INFOPLIST_KEY_NSPhotoLibraryAddUsageDescription = "Save exports to device";
				INFOPLIST_KEY_UIApplicationSupportsIndirectInputEvents = YES;
				INFOPLIST_KEY_UILaunchStoryboardName = LaunchScreen;
				INFOPLIST_KEY_UIRequiresFullScreen = NO;
				INFOPLIST_KEY_UISupportedInterfaceOrientations = UIInterfaceOrientationPortrait;
				INFOPLIST_KEY_UISupportedInterfaceOrientations_iPad = "UIInterfaceOrientationPortrait UIInterfaceOrientationPortraitUpsideDown UIInterfaceOrientationLandscapeLeft UIInterfaceOrientationLandscapeRight";
				INFOPLIST_KEY_UISupportedInterfaceOrientations_iPhone = "UIInterfaceOrientationPortrait UIInterfaceOrientationLandscapeLeft UIInterfaceOrientationLandscapeRight";
				IPHONEOS_DEPLOYMENT_TARGET = 15.0;
				LD_RUNPATH_SEARCH_PATHS = (
					"$(inherited)",
					"@executable_path/Frameworks",
				);
				MARKETING_VERSION = 1.0;
				PRODUCT_BUNDLE_IDENTIFIER = com.ethanlipnik.Acrylic;
				PRODUCT_NAME = "$(TARGET_NAME)";
				SUPPORTS_MACCATALYST = YES;
				SUPPORTS_MAC_DESIGNED_FOR_IPHONE_IPAD = NO;
				SWIFT_EMIT_LOC_STRINGS = YES;
				SWIFT_VERSION = 5.0;
				TARGETED_DEVICE_FAMILY = "1,2,6";
			};
			name = Release;
		};
		AA51756C272483CF00C25576 /* Debug */ = {
			isa = XCBuildConfiguration;
			buildSettings = {
				ALWAYS_EMBED_SWIFT_STANDARD_LIBRARIES = YES;
				BUNDLE_LOADER = "$(TEST_HOST)";
				CODE_SIGN_STYLE = Automatic;
				CURRENT_PROJECT_VERSION = 1;
				DEVELOPMENT_TEAM = B6QG723P8Z;
				GENERATE_INFOPLIST_FILE = YES;
				IPHONEOS_DEPLOYMENT_TARGET = 15.0;
				LD_RUNPATH_SEARCH_PATHS = (
					"$(inherited)",
					"@executable_path/Frameworks",
					"@loader_path/Frameworks",
				);
				MARKETING_VERSION = 1.0;
				PRODUCT_BUNDLE_IDENTIFIER = com.ethanlipnik.AcrylicTests;
				PRODUCT_NAME = "$(TARGET_NAME)";
				SWIFT_EMIT_LOC_STRINGS = NO;
				SWIFT_VERSION = 5.0;
				TARGETED_DEVICE_FAMILY = "1,2";
				TEST_HOST = "$(BUILT_PRODUCTS_DIR)/Acrylic.app/Acrylic";
			};
			name = Debug;
		};
		AA51756D272483CF00C25576 /* Release */ = {
			isa = XCBuildConfiguration;
			buildSettings = {
				ALWAYS_EMBED_SWIFT_STANDARD_LIBRARIES = YES;
				BUNDLE_LOADER = "$(TEST_HOST)";
				CODE_SIGN_STYLE = Automatic;
				CURRENT_PROJECT_VERSION = 1;
				DEVELOPMENT_TEAM = B6QG723P8Z;
				GENERATE_INFOPLIST_FILE = YES;
				IPHONEOS_DEPLOYMENT_TARGET = 15.0;
				LD_RUNPATH_SEARCH_PATHS = (
					"$(inherited)",
					"@executable_path/Frameworks",
					"@loader_path/Frameworks",
				);
				MARKETING_VERSION = 1.0;
				PRODUCT_BUNDLE_IDENTIFIER = com.ethanlipnik.AcrylicTests;
				PRODUCT_NAME = "$(TARGET_NAME)";
				SWIFT_EMIT_LOC_STRINGS = NO;
				SWIFT_VERSION = 5.0;
				TARGETED_DEVICE_FAMILY = "1,2";
				TEST_HOST = "$(BUILT_PRODUCTS_DIR)/Acrylic.app/Acrylic";
			};
			name = Release;
		};
		AA51756F272483CF00C25576 /* Debug */ = {
			isa = XCBuildConfiguration;
			buildSettings = {
				ALWAYS_EMBED_SWIFT_STANDARD_LIBRARIES = YES;
				CODE_SIGN_STYLE = Automatic;
				CURRENT_PROJECT_VERSION = 1;
				DEVELOPMENT_TEAM = B6QG723P8Z;
				GENERATE_INFOPLIST_FILE = YES;
				LD_RUNPATH_SEARCH_PATHS = (
					"$(inherited)",
					"@executable_path/Frameworks",
					"@loader_path/Frameworks",
				);
				MARKETING_VERSION = 1.0;
				PRODUCT_BUNDLE_IDENTIFIER = com.ethanlipnik.AcrylicUITests;
				PRODUCT_NAME = "$(TARGET_NAME)";
				SWIFT_EMIT_LOC_STRINGS = NO;
				SWIFT_VERSION = 5.0;
				TARGETED_DEVICE_FAMILY = "1,2";
				TEST_TARGET_NAME = Acrylic;
			};
			name = Debug;
		};
		AA517570272483CF00C25576 /* Release */ = {
			isa = XCBuildConfiguration;
			buildSettings = {
				ALWAYS_EMBED_SWIFT_STANDARD_LIBRARIES = YES;
				CODE_SIGN_STYLE = Automatic;
				CURRENT_PROJECT_VERSION = 1;
				DEVELOPMENT_TEAM = B6QG723P8Z;
				GENERATE_INFOPLIST_FILE = YES;
				LD_RUNPATH_SEARCH_PATHS = (
					"$(inherited)",
					"@executable_path/Frameworks",
					"@loader_path/Frameworks",
				);
				MARKETING_VERSION = 1.0;
				PRODUCT_BUNDLE_IDENTIFIER = com.ethanlipnik.AcrylicUITests;
				PRODUCT_NAME = "$(TARGET_NAME)";
				SWIFT_EMIT_LOC_STRINGS = NO;
				SWIFT_VERSION = 5.0;
				TARGETED_DEVICE_FAMILY = "1,2";
				TEST_TARGET_NAME = Acrylic;
			};
			name = Release;
		};
/* End XCBuildConfiguration section */

/* Begin XCConfigurationList section */
		AA45EBBF27263E3A00593894 /* Build configuration list for PBXNativeTarget "MeshGradientIntent" */ = {
			isa = XCConfigurationList;
			buildConfigurations = (
				AA45EBC027263E3A00593894 /* Debug */,
				AA45EBC127263E3A00593894 /* Release */,
			);
			defaultConfigurationIsVisible = 0;
			defaultConfigurationName = Release;
		};
		AA517536272483CE00C25576 /* Build configuration list for PBXProject "Acrylic" */ = {
			isa = XCConfigurationList;
			buildConfigurations = (
				AA517566272483CF00C25576 /* Debug */,
				AA517567272483CF00C25576 /* Release */,
			);
			defaultConfigurationIsVisible = 0;
			defaultConfigurationName = Release;
		};
		AA517568272483CF00C25576 /* Build configuration list for PBXNativeTarget "Acrylic" */ = {
			isa = XCConfigurationList;
			buildConfigurations = (
				AA517569272483CF00C25576 /* Debug */,
				AA51756A272483CF00C25576 /* Release */,
			);
			defaultConfigurationIsVisible = 0;
			defaultConfigurationName = Release;
		};
		AA51756B272483CF00C25576 /* Build configuration list for PBXNativeTarget "AcrylicTests" */ = {
			isa = XCConfigurationList;
			buildConfigurations = (
				AA51756C272483CF00C25576 /* Debug */,
				AA51756D272483CF00C25576 /* Release */,
			);
			defaultConfigurationIsVisible = 0;
			defaultConfigurationName = Release;
		};
		AA51756E272483CF00C25576 /* Build configuration list for PBXNativeTarget "AcrylicUITests" */ = {
			isa = XCConfigurationList;
			buildConfigurations = (
				AA51756F272483CF00C25576 /* Debug */,
				AA517570272483CF00C25576 /* Release */,
			);
			defaultConfigurationIsVisible = 0;
			defaultConfigurationName = Release;
		};
/* End XCConfigurationList section */

/* Begin XCRemoteSwiftPackageReference section */
		AA71CA6C27ECAC0A00C4722D /* XCRemoteSwiftPackageReference "RandomColorSwift" */ = {
			isa = XCRemoteSwiftPackageReference;
			repositoryURL = "https://github.com/EthanLipnik/RandomColorSwift.git";
			requirement = {
				kind = upToNextMajorVersion;
				minimumVersion = 2.0.0;
			};
		};
		AAB8853127E95A1000B43BC5 /* XCRemoteSwiftPackageReference "Blackbird" */ = {
			isa = XCRemoteSwiftPackageReference;
			repositoryURL = "https://github.com/CanisterEditor/Blackbird.git";
			requirement = {
				branch = main;
				kind = branch;
			};
		};
/* End XCRemoteSwiftPackageReference section */

/* Begin XCSwiftPackageProductDependency section */
		AA45EBC8272641A100593894 /* MeshKit */ = {
			isa = XCSwiftPackageProductDependency;
			productName = MeshKit;
		};
		AA71CA6D27ECAC0A00C4722D /* RandomColor */ = {
			isa = XCSwiftPackageProductDependency;
			package = AA71CA6C27ECAC0A00C4722D /* XCRemoteSwiftPackageReference "RandomColorSwift" */;
			productName = RandomColor;
		};
		AA71CA6F27ECACA700C4722D /* RandomColor */ = {
			isa = XCSwiftPackageProductDependency;
			package = AA71CA6C27ECAC0A00C4722D /* XCRemoteSwiftPackageReference "RandomColorSwift" */;
			productName = RandomColor;
		};
		AAB8853227E95A1000B43BC5 /* Blackbird */ = {
			isa = XCSwiftPackageProductDependency;
			package = AAB8853127E95A1000B43BC5 /* XCRemoteSwiftPackageReference "Blackbird" */;
			productName = Blackbird;
		};
		AAB8853627E95ACF00B43BC5 /* MeshKit */ = {
			isa = XCSwiftPackageProductDependency;
			productName = MeshKit;
		};
/* End XCSwiftPackageProductDependency section */

/* Begin XCVersionGroup section */
		AA517547272483CE00C25576 /* Acrylic.xcdatamodeld */ = {
			isa = XCVersionGroup;
			children = (
				AA517548272483CE00C25576 /* Acrylic.xcdatamodel */,
			);
			currentVersion = AA517548272483CE00C25576 /* Acrylic.xcdatamodel */;
			path = Acrylic.xcdatamodeld;
			sourceTree = "<group>";
			versionGroupType = wrapper.xcdatamodel;
		};
/* End XCVersionGroup section */
	};
	rootObject = AA517533272483CE00C25576 /* Project object */;
}
